
Microsoft Visual Studio Solution File, Format Version 11.00
# Visual Studio 2010
# SharpDevelop 5.1
Project("{FAE04EC0-301F-11D3-BF4B-00C04F79EFBC}") = "view", "view\view.csproj", "{8CCA6AF1-CA50-4EB8-ABA9-FE954432414A}"
EndProject
Global
	GlobalSection(SolutionConfigurationPlatforms) = preSolution
		Debug|Any CPU = Debug|Any CPU
		Release|Any CPU = Release|Any CPU
	EndGlobalSection
	GlobalSection(ProjectConfigurationPlatforms) = postSolution
		{8CCA6AF1-CA50-4EB8-ABA9-FE954432414A}.Debug|Any CPU.ActiveCfg = Debug|Any CPU
		{8CCA6AF1-CA50-4EB8-ABA9-FE954432414A}.Debug|Any CPU.Build.0 = Debug|Any CPU
		{8CCA6AF1-CA50-4EB8-ABA9-FE954432414A}.Release|Any CPU.ActiveCfg = Release|Any CPU
		{8CCA6AF1-CA50-4EB8-ABA9-FE954432414A}.Release|Any CPU.Build.0 = Release|Any CPU
	EndGlobalSection
EndGlobal
